
Microsoft Visual Studio Solution File, Format Version 12.00
# Visual Studio 15
VisualStudioVersion = 15.0.28307.572
MinimumVisualStudioVersion = 10.0.40219.1
Project("{8BC9CEB8-8B4A-11D0-8D11-00A0C91BC942}") = "TC3", "TC3\TC3.vcxproj", "{FBE5C5FB-750E-4DB5-BAA7-F405ED1CB6C0}"
EndProject
Global
	GlobalSection(SolutionConfigurationPlatforms) = preSolution
		Debug|x64 = Debug|x64
		Debug|x86 = Debug|x86
		Release|x64 = Release|x64
		Release|x86 = Release|x86
	EndGlobalSection
	GlobalSection(ProjectConfigurationPlatforms) = postSolution
		{FBE5C5FB-750E-4DB5-BAA7-F405ED1CB6C0}.Debug|x64.ActiveCfg = Debug|x64
		{FBE5C5FB-750E-4DB5-BAA7-F405ED1CB6C0}.Debug|x64.Build.0 = Debug|x64
		{FBE5C5FB-750E-4DB5-BAA7-F405ED1CB6C0}.Debug|x86.ActiveCfg = Debug|Win32
		{FBE5C5FB-750E-4DB5-BAA7-F405ED1CB6C0}.Debug|x86.Build.0 = Debug|Win32
		{FBE5C5FB-750E-4DB5-BAA7-F405ED1CB6C0}.Release|x64.ActiveCfg = Release|x64
		{FBE5C5FB-750E-4DB5-BAA7-F405ED1CB6C0}.Release|x64.Build.0 = Release|x64
		{FBE5C5FB-750E-4DB5-BAA7-F405ED1CB6C0}.Release|x86.ActiveCfg = Release|Win32
		{FBE5C5FB-750E-4DB5-BAA7-F405ED1CB6C0}.Release|x86.Build.0 = Release|Win32
	EndGlobalSection
	GlobalSection(SolutionProperties) = preSolution
		HideSolutionNode = FALSE
	EndGlobalSection
	GlobalSection(ExtensibilityGlobals) = postSolution
		SolutionGuid = {B616E21B-88B9-4CDE-8262-4C51C72B635D}
	EndGlobalSection
EndGlobal
